
Microsoft Visual Studio Solution File, Format Version 12.00
# Visual Studio Version 17
VisualStudioVersion = 17.8.34316.72
MinimumVisualStudioVersion = 10.0.40219.1
Project("{2150E333-8FDC-42A3-9474-1A3956D46DE8}") = "Project", "Project", "{7F1EBDB3-A5A6-4DB8-898B-714B619F376F}"
EndProject
Project("{FAE04EC0-301F-11D3-BF4B-00C04F79EFBC}") = "Tyuiu.MescheryakovPV.Sprint7.V6", "Tyuiu.MescheryakovPV.Sprint7.V6\Tyuiu.MescheryakovPV.Sprint7.V6.csproj", "{3B311D41-FFBE-4B8C-BCBF-7A752C44E7FE}"
EndProject
Project("{FAE04EC0-301F-11D3-BF4B-00C04F79EFBC}") = "Tyuiu.MescheryakovPV.Sprint7.V6.Lib", "Tyuiu.MescheryakovPV.Sprint7.V6.Lib\Tyuiu.MescheryakovPV.Sprint7.V6.Lib.csproj", "{3E97BD22-EEEE-4833-93AE-430240D214B2}"
EndProject
Project("{FAE04EC0-301F-11D3-BF4B-00C04F79EFBC}") = "Tyuiu.MescheryakovPV.Sprint7.V6.Test", "Tyuiu.MescheryakovPV.Sprint7.V6.Test\Tyuiu.MescheryakovPV.Sprint7.V6.Test.csproj", "{9CC35D4B-0545-47DA-9F10-45F66429BF99}"
EndProject
Global
	GlobalSection(SolutionConfigurationPlatforms) = preSolution
		Debug|Any CPU = Debug|Any CPU
		Release|Any CPU = Release|Any CPU
	EndGlobalSection
	GlobalSection(ProjectConfigurationPlatforms) = postSolution
		{3B311D41-FFBE-4B8C-BCBF-7A752C44E7FE}.Debug|Any CPU.ActiveCfg = Debug|Any CPU
		{3B311D41-FFBE-4B8C-BCBF-7A752C44E7FE}.Debug|Any CPU.Build.0 = Debug|Any CPU
		{3B311D41-FFBE-4B8C-BCBF-7A752C44E7FE}.Release|Any CPU.ActiveCfg = Release|Any CPU
		{3B311D41-FFBE-4B8C-BCBF-7A752C44E7FE}.Release|Any CPU.Build.0 = Release|Any CPU
		{3E97BD22-EEEE-4833-93AE-430240D214B2}.Debug|Any CPU.ActiveCfg = Debug|Any CPU
		{3E97BD22-EEEE-4833-93AE-430240D214B2}.Debug|Any CPU.Build.0 = Debug|Any CPU
		{3E97BD22-EEEE-4833-93AE-430240D214B2}.Release|Any CPU.ActiveCfg = Release|Any CPU
		{3E97BD22-EEEE-4833-93AE-430240D214B2}.Release|Any CPU.Build.0 = Release|Any CPU
		{9CC35D4B-0545-47DA-9F10-45F66429BF99}.Debug|Any CPU.ActiveCfg = Debug|Any CPU
		{9CC35D4B-0545-47DA-9F10-45F66429BF99}.Debug|Any CPU.Build.0 = Debug|Any CPU
		{9CC35D4B-0545-47DA-9F10-45F66429BF99}.Release|Any CPU.ActiveCfg = Release|Any CPU
		{9CC35D4B-0545-47DA-9F10-45F66429BF99}.Release|Any CPU.Build.0 = Release|Any CPU
	EndGlobalSection
	GlobalSection(SolutionProperties) = preSolution
		HideSolutionNode = FALSE
	EndGlobalSection
	GlobalSection(NestedProjects) = preSolution
		{3B311D41-FFBE-4B8C-BCBF-7A752C44E7FE} = {7F1EBDB3-A5A6-4DB8-898B-714B619F376F}
		{3E97BD22-EEEE-4833-93AE-430240D214B2} = {7F1EBDB3-A5A6-4DB8-898B-714B619F376F}
		{9CC35D4B-0545-47DA-9F10-45F66429BF99} = {7F1EBDB3-A5A6-4DB8-898B-714B619F376F}
	EndGlobalSection
	GlobalSection(ExtensibilityGlobals) = postSolution
		SolutionGuid = {363F38BB-2603-4064-BE3F-D35B82D95171}
	EndGlobalSection
EndGlobal
